
Microsoft Visual Studio Solution File, Format Version 12.00
# Visual Studio Version 17
VisualStudioVersion = 17.2.32630.192
MinimumVisualStudioVersion = 10.0.40219.1
Project("{9A19103F-16F7-4668-BE54-9A1E7A4F7556}") = "F10Y.L0004", "F10Y.L0004\F10Y.L0004.csproj", "{7073333F-5339-4FB0-ABF6-9170B7C03B4E}"
EndProject
Project("{2150E333-8FDC-42A3-9474-1A3956D46DE8}") = "_Dependencies", "_Dependencies", "{4AFFD261-48BC-4E6D-94B4-5636B2FA1C0B}"
EndProject
Project("{9A19103F-16F7-4668-BE54-9A1E7A4F7556}") = "F10Y.L0000", "..\..\F10Y.L0000\source\F10Y.L0000\F10Y.L0000.csproj", "{4779A7C4-DD1A-4D69-B71B-13D19B8FBF15}"
EndProject
Project("{9A19103F-16F7-4668-BE54-9A1E7A4F7556}") = "F10Y.T0000", "..\..\F10Y.T0000\source\F10Y.T0000\F10Y.T0000.csproj", "{84A359F0-A8FB-47F5-8CB3-60EC13F3DAAC}"
EndProject
Project("{9A19103F-16F7-4668-BE54-9A1E7A4F7556}") = "F10Y.T0001", "..\..\F10Y.T0001\source\F10Y.T0001\F10Y.T0001.csproj", "{29F3D9ED-4188-408F-9E36-8F0C06C1E951}"
EndProject
Project("{9A19103F-16F7-4668-BE54-9A1E7A4F7556}") = "F10Y.T0002", "..\..\F10Y.T0002\source\F10Y.T0002\F10Y.T0002.csproj", "{211E7E51-3E38-4775-8F45-3BFCB2C8C6B1}"
EndProject
Project("{9A19103F-16F7-4668-BE54-9A1E7A4F7556}") = "F10Y.T0003", "..\..\F10Y.T0003\source\F10Y.T0003\F10Y.T0003.csproj", "{216E583B-F61F-4116-BC84-0C47BD03CF04}"
EndProject
Project("{9A19103F-16F7-4668-BE54-9A1E7A4F7556}") = "F10Y.T0004", "..\..\F10Y.T0004\source\F10Y.T0004\F10Y.T0004.csproj", "{83B6DDEA-85BD-452B-8119-8DD2383051D6}"
EndProject
Project("{9A19103F-16F7-4668-BE54-9A1E7A4F7556}") = "F10Y.T0011", "..\..\F10Y.T0011\source\F10Y.T0011\F10Y.T0011.csproj", "{3BD04695-1ED3-4892-BEEF-FFECF1FE1D0E}"
EndProject
Project("{9A19103F-16F7-4668-BE54-9A1E7A4F7556}") = "F10Y.Y0000", "..\..\F10Y.Y0000\source\F10Y.Y0000\F10Y.Y0000.csproj", "{DA086C20-3CF7-4436-8326-FDB194AA37C9}"
EndProject
Project("{9A19103F-16F7-4668-BE54-9A1E7A4F7556}") = "F10Y.L0005", "..\..\F10Y.L0005\source\F10Y.L0005\F10Y.L0005.csproj", "{55FA4D9E-E9B7-416A-9277-50B05DEE85DA}"
EndProject
Project("{9A19103F-16F7-4668-BE54-9A1E7A4F7556}") = "F10Y.Z0002", "..\..\F10Y.Z0002\source\F10Y.Z0002\F10Y.Z0002.csproj", "{F0D2263B-0C3F-4C9C-9439-4F4ED83826DC}"
EndProject
Project("{9A19103F-16F7-4668-BE54-9A1E7A4F7556}") = "F10Y.L0004.L000", "F10Y.L0004.L000\F10Y.L0004.L000.csproj", "{DB5ECB56-05A7-438B-B008-71A02A0ED3FB}"
EndProject
Project("{9A19103F-16F7-4668-BE54-9A1E7A4F7556}") = "F10Y.L0006.Z000", "..\..\F10Y.L0006\source\F10Y.L0006.Z000\F10Y.L0006.Z000.csproj", "{77B0EF6E-45EF-4E2E-A612-EB0BEC576F28}"
EndProject
Project("{9A19103F-16F7-4668-BE54-9A1E7A4F7556}") = "F10Y.L0006", "..\..\F10Y.L0006\source\F10Y.L0006\F10Y.L0006.csproj", "{36F97C35-B7D0-4598-9161-DDF2D4A6122E}"
EndProject
Project("{9A19103F-16F7-4668-BE54-9A1E7A4F7556}") = "F10Y.L0001.L000", "..\..\F10Y.L0001\source\F10Y.L0001.L000\F10Y.L0001.L000.csproj", "{35D77980-36B8-40BB-861C-F3DC16721FC3}"
EndProject
Project("{9A19103F-16F7-4668-BE54-9A1E7A4F7556}") = "F10Y.L0001.L001", "..\..\F10Y.L0001\source\F10Y.L0001.L001\F10Y.L0001.L001.csproj", "{AEB3BB9A-E410-4612-BDC3-018E11B22594}"
EndProject
Project("{9A19103F-16F7-4668-BE54-9A1E7A4F7556}") = "F10Y.L0001.L002", "..\..\F10Y.L0001\source\F10Y.L0001.L002\F10Y.L0001.L002.csproj", "{C8732014-6257-4F90-B814-ACB6A18C1B82}"
EndProject
Project("{9A19103F-16F7-4668-BE54-9A1E7A4F7556}") = "F10Y.L0001.L003", "..\..\F10Y.L0001\source\F10Y.L0001.L003\F10Y.L0001.L003.csproj", "{FF02E424-9FA5-4305-B718-F1DBDECF2F0F}"
EndProject
Project("{9A19103F-16F7-4668-BE54-9A1E7A4F7556}") = "F10Y.L0001.T000", "..\..\F10Y.L0001\source\F10Y.L0001.T000\F10Y.L0001.T000.csproj", "{7EFDB6E2-9C6C-4412-A796-7F02842D9511}"
EndProject
Project("{9A19103F-16F7-4668-BE54-9A1E7A4F7556}") = "F10Y.L0001.X000", "..\..\F10Y.L0001\source\F10Y.L0001.X000\F10Y.L0001.X000.csproj", "{E3D56614-ADBD-4854-9163-A9781121D427}"
EndProject
Project("{9A19103F-16F7-4668-BE54-9A1E7A4F7556}") = "F10Y.L0001.Z000", "..\..\F10Y.L0001\source\F10Y.L0001.Z000\F10Y.L0001.Z000.csproj", "{66E7FABF-F091-4480-837A-974E5731B2DE}"
EndProject
Project("{9A19103F-16F7-4668-BE54-9A1E7A4F7556}") = "F10Y.L0001", "..\..\F10Y.L0001\source\F10Y.L0001\F10Y.L0001.csproj", "{CB0FBDBA-AD06-40FC-923B-579752C7CB78}"
EndProject
Project("{9A19103F-16F7-4668-BE54-9A1E7A4F7556}") = "F10Y.L0003.L001", "..\..\F10Y.L0003\source\F10Y.L0003.L001\F10Y.L0003.L001.csproj", "{182D194F-C1E0-4D66-8D6C-2992C1F6898D}"
EndProject
Project("{9A19103F-16F7-4668-BE54-9A1E7A4F7556}") = "F10Y.L0003", "..\..\F10Y.L0003\source\F10Y.L0003\F10Y.L0003.csproj", "{82A19010-5967-444A-AFE0-336B87C67C1C}"
EndProject
Project("{9A19103F-16F7-4668-BE54-9A1E7A4F7556}") = "F10Y.L0005.L001", "..\..\F10Y.L0005\source\F10Y.L0005.L001\F10Y.L0005.L001.csproj", "{5F6840A4-B7C0-4E7A-BD93-A64B66F0279D}"
EndProject
Project("{9A19103F-16F7-4668-BE54-9A1E7A4F7556}") = "F10Y.L0005.L002", "..\..\F10Y.L0005\source\F10Y.L0005.L002\F10Y.L0005.L002.csproj", "{97831125-9072-495B-8A37-EDE497F0B9DD}"
EndProject
Project("{9A19103F-16F7-4668-BE54-9A1E7A4F7556}") = "F10Y.L0005.T000", "..\..\F10Y.L0005\source\F10Y.L0005.T000\F10Y.L0005.T000.csproj", "{CA35764B-833D-4657-AC0E-2D7518A817E5}"
EndProject
Project("{9A19103F-16F7-4668-BE54-9A1E7A4F7556}") = "F10Y.L0005.T001", "..\..\F10Y.L0005\source\F10Y.L0005.T001\F10Y.L0005.T001.csproj", "{AC1467DE-D54E-49F4-9C88-8AD1AF94BAA0}"
EndProject
Project("{9A19103F-16F7-4668-BE54-9A1E7A4F7556}") = "F10Y.L0005.T002", "..\..\F10Y.L0005\source\F10Y.L0005.T002\F10Y.L0005.T002.csproj", "{E8C6902C-B8DE-460A-A231-7E77EA657506}"
EndProject
Project("{9A19103F-16F7-4668-BE54-9A1E7A4F7556}") = "F10Y.L0060", "..\..\F10Y.L0060\source\F10Y.L0060\F10Y.L0060.csproj", "{CCB5F2B7-30FF-4D0E-82C2-A95EB7382870}"
EndProject
Project("{9A19103F-16F7-4668-BE54-9A1E7A4F7556}") = "F10Y.L0080", "..\..\F10Y.L0080\source\F10Y.L0080\F10Y.L0080.csproj", "{C0CCE4F3-1CFE-4F0C-AA8F-69A8FA80408C}"
EndProject
Project("{9A19103F-16F7-4668-BE54-9A1E7A4F7556}") = "F10Y.NG0008", "..\..\F10Y.NG0008\source\F10Y.NG0008\F10Y.NG0008.csproj", "{5FCE388B-3F1B-4643-A28A-B0FAF31355C5}"
EndProject
Project("{9A19103F-16F7-4668-BE54-9A1E7A4F7556}") = "F10Y.NG0009", "..\..\F10Y.NG0009\source\F10Y.NG0009\F10Y.NG0009.csproj", "{FE618F9E-F290-495B-A6B4-7DE8CAC94D56}"
EndProject
Project("{9A19103F-16F7-4668-BE54-9A1E7A4F7556}") = "F10Y.T0009", "..\..\F10Y.T0009\source\F10Y.T0009\F10Y.T0009.csproj", "{F33FBDB3-31CD-4B9D-B8D3-80A98761CDD7}"
EndProject
Project("{9A19103F-16F7-4668-BE54-9A1E7A4F7556}") = "F10Y.T0016", "..\..\F10Y.T0016\source\F10Y.T0016\F10Y.T0016.csproj", "{B59B3A96-9696-4BFE-BCD0-DDD722516537}"
EndProject
Global
	GlobalSection(NestedProjects) = preSolution
		{4779A7C4-DD1A-4D69-B71B-13D19B8FBF15} = {4AFFD261-48BC-4E6D-94B4-5636B2FA1C0B}
		{84A359F0-A8FB-47F5-8CB3-60EC13F3DAAC} = {4AFFD261-48BC-4E6D-94B4-5636B2FA1C0B}
		{29F3D9ED-4188-408F-9E36-8F0C06C1E951} = {4AFFD261-48BC-4E6D-94B4-5636B2FA1C0B}
		{211E7E51-3E38-4775-8F45-3BFCB2C8C6B1} = {4AFFD261-48BC-4E6D-94B4-5636B2FA1C0B}
		{216E583B-F61F-4116-BC84-0C47BD03CF04} = {4AFFD261-48BC-4E6D-94B4-5636B2FA1C0B}
		{83B6DDEA-85BD-452B-8119-8DD2383051D6} = {4AFFD261-48BC-4E6D-94B4-5636B2FA1C0B}
		{3BD04695-1ED3-4892-BEEF-FFECF1FE1D0E} = {4AFFD261-48BC-4E6D-94B4-5636B2FA1C0B}
		{DA086C20-3CF7-4436-8326-FDB194AA37C9} = {4AFFD261-48BC-4E6D-94B4-5636B2FA1C0B}
		{55FA4D9E-E9B7-416A-9277-50B05DEE85DA} = {4AFFD261-48BC-4E6D-94B4-5636B2FA1C0B}
		{F0D2263B-0C3F-4C9C-9439-4F4ED83826DC} = {4AFFD261-48BC-4E6D-94B4-5636B2FA1C0B}
		{77B0EF6E-45EF-4E2E-A612-EB0BEC576F28} = {4AFFD261-48BC-4E6D-94B4-5636B2FA1C0B}
		{36F97C35-B7D0-4598-9161-DDF2D4A6122E} = {4AFFD261-48BC-4E6D-94B4-5636B2FA1C0B}
		{35D77980-36B8-40BB-861C-F3DC16721FC3} = {4AFFD261-48BC-4E6D-94B4-5636B2FA1C0B}
		{AEB3BB9A-E410-4612-BDC3-018E11B22594} = {4AFFD261-48BC-4E6D-94B4-5636B2FA1C0B}
		{C8732014-6257-4F90-B814-ACB6A18C1B82} = {4AFFD261-48BC-4E6D-94B4-5636B2FA1C0B}
		{FF02E424-9FA5-4305-B718-F1DBDECF2F0F} = {4AFFD261-48BC-4E6D-94B4-5636B2FA1C0B}
		{7EFDB6E2-9C6C-4412-A796-7F02842D9511} = {4AFFD261-48BC-4E6D-94B4-5636B2FA1C0B}
		{E3D56614-ADBD-4854-9163-A9781121D427} = {4AFFD261-48BC-4E6D-94B4-5636B2FA1C0B}
		{66E7FABF-F091-4480-837A-974E5731B2DE} = {4AFFD261-48BC-4E6D-94B4-5636B2FA1C0B}
		{CB0FBDBA-AD06-40FC-923B-579752C7CB78} = {4AFFD261-48BC-4E6D-94B4-5636B2FA1C0B}
		{182D194F-C1E0-4D66-8D6C-2992C1F6898D} = {4AFFD261-48BC-4E6D-94B4-5636B2FA1C0B}
		{82A19010-5967-444A-AFE0-336B87C67C1C} = {4AFFD261-48BC-4E6D-94B4-5636B2FA1C0B}
		{5F6840A4-B7C0-4E7A-BD93-A64B66F0279D} = {4AFFD261-48BC-4E6D-94B4-5636B2FA1C0B}
		{97831125-9072-495B-8A37-EDE497F0B9DD} = {4AFFD261-48BC-4E6D-94B4-5636B2FA1C0B}
		{CA35764B-833D-4657-AC0E-2D7518A817E5} = {4AFFD261-48BC-4E6D-94B4-5636B2FA1C0B}
		{AC1467DE-D54E-49F4-9C88-8AD1AF94BAA0} = {4AFFD261-48BC-4E6D-94B4-5636B2FA1C0B}
		{E8C6902C-B8DE-460A-A231-7E77EA657506} = {4AFFD261-48BC-4E6D-94B4-5636B2FA1C0B}
		{CCB5F2B7-30FF-4D0E-82C2-A95EB7382870} = {4AFFD261-48BC-4E6D-94B4-5636B2FA1C0B}
		{C0CCE4F3-1CFE-4F0C-AA8F-69A8FA80408C} = {4AFFD261-48BC-4E6D-94B4-5636B2FA1C0B}
		{5FCE388B-3F1B-4643-A28A-B0FAF31355C5} = {4AFFD261-48BC-4E6D-94B4-5636B2FA1C0B}
		{FE618F9E-F290-495B-A6B4-7DE8CAC94D56} = {4AFFD261-48BC-4E6D-94B4-5636B2FA1C0B}
		{F33FBDB3-31CD-4B9D-B8D3-80A98761CDD7} = {4AFFD261-48BC-4E6D-94B4-5636B2FA1C0B}
		{B59B3A96-9696-4BFE-BCD0-DDD722516537} = {4AFFD261-48BC-4E6D-94B4-5636B2FA1C0B}
	EndGlobalSection
	GlobalSection(SolutionConfigurationPlatforms) = preSolution
		Debug|Any CPU = Debug|Any CPU
		Release|Any CPU = Release|Any CPU
	EndGlobalSection
	GlobalSection(ProjectConfigurationPlatforms) = postSolution
		{7073333F-5339-4FB0-ABF6-9170B7C03B4E}.Debug|Any CPU.ActiveCfg = Debug|Any CPU
		{7073333F-5339-4FB0-ABF6-9170B7C03B4E}.Debug|Any CPU.Build.0 = Debug|Any CPU
		{7073333F-5339-4FB0-ABF6-9170B7C03B4E}.Release|Any CPU.ActiveCfg = Release|Any CPU
		{7073333F-5339-4FB0-ABF6-9170B7C03B4E}.Release|Any CPU.Build.0 = Release|Any CPU
		{4779A7C4-DD1A-4D69-B71B-13D19B8FBF15}.Debug|Any CPU.ActiveCfg = Debug|Any CPU
		{4779A7C4-DD1A-4D69-B71B-13D19B8FBF15}.Debug|Any CPU.Build.0 = Debug|Any CPU
		{4779A7C4-DD1A-4D69-B71B-13D19B8FBF15}.Release|Any CPU.ActiveCfg = Release|Any CPU
		{4779A7C4-DD1A-4D69-B71B-13D19B8FBF15}.Release|Any CPU.Build.0 = Release|Any CPU
		{84A359F0-A8FB-47F5-8CB3-60EC13F3DAAC}.Debug|Any CPU.ActiveCfg = Debug|Any CPU
		{84A359F0-A8FB-47F5-8CB3-60EC13F3DAAC}.Debug|Any CPU.Build.0 = Debug|Any CPU
		{84A359F0-A8FB-47F5-8CB3-60EC13F3DAAC}.Release|Any CPU.ActiveCfg = Release|Any CPU
		{84A359F0-A8FB-47F5-8CB3-60EC13F3DAAC}.Release|Any CPU.Build.0 = Release|Any CPU
		{29F3D9ED-4188-408F-9E36-8F0C06C1E951}.Debug|Any CPU.ActiveCfg = Debug|Any CPU
		{29F3D9ED-4188-408F-9E36-8F0C06C1E951}.Debug|Any CPU.Build.0 = Debug|Any CPU
		{29F3D9ED-4188-408F-9E36-8F0C06C1E951}.Release|Any CPU.ActiveCfg = Release|Any CPU
		{29F3D9ED-4188-408F-9E36-8F0C06C1E951}.Release|Any CPU.Build.0 = Release|Any CPU
		{211E7E51-3E38-4775-8F45-3BFCB2C8C6B1}.Debug|Any CPU.ActiveCfg = Debug|Any CPU
		{211E7E51-3E38-4775-8F45-3BFCB2C8C6B1}.Debug|Any CPU.Build.0 = Debug|Any CPU
		{211E7E51-3E38-4775-8F45-3BFCB2C8C6B1}.Release|Any CPU.ActiveCfg = Release|Any CPU
		{211E7E51-3E38-4775-8F45-3BFCB2C8C6B1}.Release|Any CPU.Build.0 = Release|Any CPU
		{216E583B-F61F-4116-BC84-0C47BD03CF04}.Debug|Any CPU.ActiveCfg = Debug|Any CPU
		{216E583B-F61F-4116-BC84-0C47BD03CF04}.Debug|Any CPU.Build.0 = Debug|Any CPU
		{216E583B-F61F-4116-BC84-0C47BD03CF04}.Release|Any CPU.ActiveCfg = Release|Any CPU
		{216E583B-F61F-4116-BC84-0C47BD03CF04}.Release|Any CPU.Build.0 = Release|Any CPU
		{83B6DDEA-85BD-452B-8119-8DD2383051D6}.Debug|Any CPU.ActiveCfg = Debug|Any CPU
		{83B6DDEA-85BD-452B-8119-8DD2383051D6}.Debug|Any CPU.Build.0 = Debug|Any CPU
		{83B6DDEA-85BD-452B-8119-8DD2383051D6}.Release|Any CPU.ActiveCfg = Release|Any CPU
		{83B6DDEA-85BD-452B-8119-8DD2383051D6}.Release|Any CPU.Build.0 = Release|Any CPU
		{3BD04695-1ED3-4892-BEEF-FFECF1FE1D0E}.Debug|Any CPU.ActiveCfg = Debug|Any CPU
		{3BD04695-1ED3-4892-BEEF-FFECF1FE1D0E}.Debug|Any CPU.Build.0 = Debug|Any CPU
		{3BD04695-1ED3-4892-BEEF-FFECF1FE1D0E}.Release|Any CPU.ActiveCfg = Release|Any CPU
		{3BD04695-1ED3-4892-BEEF-FFECF1FE1D0E}.Release|Any CPU.Build.0 = Release|Any CPU
		{DA086C20-3CF7-4436-8326-FDB194AA37C9}.Debug|Any CPU.ActiveCfg = Debug|Any CPU
		{DA086C20-3CF7-4436-8326-FDB194AA37C9}.Debug|Any CPU.Build.0 = Debug|Any CPU
		{DA086C20-3CF7-4436-8326-FDB194AA37C9}.Release|Any CPU.ActiveCfg = Release|Any CPU
		{DA086C20-3CF7-4436-8326-FDB194AA37C9}.Release|Any CPU.Build.0 = Release|Any CPU
		{55FA4D9E-E9B7-416A-9277-50B05DEE85DA}.Debug|Any CPU.ActiveCfg = Debug|Any CPU
		{55FA4D9E-E9B7-416A-9277-50B05DEE85DA}.Debug|Any CPU.Build.0 = Debug|Any CPU
		{55FA4D9E-E9B7-416A-9277-50B05DEE85DA}.Release|Any CPU.ActiveCfg = Release|Any CPU
		{55FA4D9E-E9B7-416A-9277-50B05DEE85DA}.Release|Any CPU.Build.0 = Release|Any CPU
		{F0D2263B-0C3F-4C9C-9439-4F4ED83826DC}.Debug|Any CPU.ActiveCfg = Debug|Any CPU
		{F0D2263B-0C3F-4C9C-9439-4F4ED83826DC}.Debug|Any CPU.Build.0 = Debug|Any CPU
		{F0D2263B-0C3F-4C9C-9439-4F4ED83826DC}.Release|Any CPU.ActiveCfg = Release|Any CPU
		{F0D2263B-0C3F-4C9C-9439-4F4ED83826DC}.Release|Any CPU.Build.0 = Release|Any CPU
		{DB5ECB56-05A7-438B-B008-71A02A0ED3FB}.Debug|Any CPU.ActiveCfg = Debug|Any CPU
		{DB5ECB56-05A7-438B-B008-71A02A0ED3FB}.Debug|Any CPU.Build.0 = Debug|Any CPU
		{DB5ECB56-05A7-438B-B008-71A02A0ED3FB}.Release|Any CPU.ActiveCfg = Release|Any CPU
		{DB5ECB56-05A7-438B-B008-71A02A0ED3FB}.Release|Any CPU.Build.0 = Release|Any CPU
		{77B0EF6E-45EF-4E2E-A612-EB0BEC576F28}.Debug|Any CPU.ActiveCfg = Debug|Any CPU
		{77B0EF6E-45EF-4E2E-A612-EB0BEC576F28}.Debug|Any CPU.Build.0 = Debug|Any CPU
		{77B0EF6E-45EF-4E2E-A612-EB0BEC576F28}.Release|Any CPU.ActiveCfg = Release|Any CPU
		{77B0EF6E-45EF-4E2E-A612-EB0BEC576F28}.Release|Any CPU.Build.0 = Release|Any CPU
		{36F97C35-B7D0-4598-9161-DDF2D4A6122E}.Debug|Any CPU.ActiveCfg = Debug|Any CPU
		{36F97C35-B7D0-4598-9161-DDF2D4A6122E}.Debug|Any CPU.Build.0 = Debug|Any CPU
		{36F97C35-B7D0-4598-9161-DDF2D4A6122E}.Release|Any CPU.ActiveCfg = Release|Any CPU
		{36F97C35-B7D0-4598-9161-DDF2D4A6122E}.Release|Any CPU.Build.0 = Release|Any CPU
		{35D77980-36B8-40BB-861C-F3DC16721FC3}.Debug|Any CPU.ActiveCfg = Debug|Any CPU
		{35D77980-36B8-40BB-861C-F3DC16721FC3}.Debug|Any CPU.Build.0 = Debug|Any CPU
		{35D77980-36B8-40BB-861C-F3DC16721FC3}.Release|Any CPU.ActiveCfg = Release|Any CPU
		{35D77980-36B8-40BB-861C-F3DC16721FC3}.Release|Any CPU.Build.0 = Release|Any CPU
		{AEB3BB9A-E410-4612-BDC3-018E11B22594}.Debug|Any CPU.ActiveCfg = Debug|Any CPU
		{AEB3BB9A-E410-4612-BDC3-018E11B22594}.Debug|Any CPU.Build.0 = Debug|Any CPU
		{AEB3BB9A-E410-4612-BDC3-018E11B22594}.Release|Any CPU.ActiveCfg = Release|Any CPU
		{AEB3BB9A-E410-4612-BDC3-018E11B22594}.Release|Any CPU.Build.0 = Release|Any CPU
		{C8732014-6257-4F90-B814-ACB6A18C1B82}.Debug|Any CPU.ActiveCfg = Debug|Any CPU
		{C8732014-6257-4F90-B814-ACB6A18C1B82}.Debug|Any CPU.Build.0 = Debug|Any CPU
		{C8732014-6257-4F90-B814-ACB6A18C1B82}.Release|Any CPU.ActiveCfg = Release|Any CPU
		{C8732014-6257-4F90-B814-ACB6A18C1B82}.Release|Any CPU.Build.0 = Release|Any CPU
		{FF02E424-9FA5-4305-B718-F1DBDECF2F0F}.Debug|Any CPU.ActiveCfg = Debug|Any CPU
		{FF02E424-9FA5-4305-B718-F1DBDECF2F0F}.Debug|Any CPU.Build.0 = Debug|Any CPU
		{FF02E424-9FA5-4305-B718-F1DBDECF2F0F}.Release|Any CPU.ActiveCfg = Release|Any CPU
		{FF02E424-9FA5-4305-B718-F1DBDECF2F0F}.Release|Any CPU.Build.0 = Release|Any CPU
		{7EFDB6E2-9C6C-4412-A796-7F02842D9511}.Debug|Any CPU.ActiveCfg = Debug|Any CPU
		{7EFDB6E2-9C6C-4412-A796-7F02842D9511}.Debug|Any CPU.Build.0 = Debug|Any CPU
		{7EFDB6E2-9C6C-4412-A796-7F02842D9511}.Release|Any CPU.ActiveCfg = Release|Any CPU
		{7EFDB6E2-9C6C-4412-A796-7F02842D9511}.Release|Any CPU.Build.0 = Release|Any CPU
		{E3D56614-ADBD-4854-9163-A9781121D427}.Debug|Any CPU.ActiveCfg = Debug|Any CPU
		{E3D56614-ADBD-4854-9163-A9781121D427}.Debug|Any CPU.Build.0 = Debug|Any CPU
		{E3D56614-ADBD-4854-9163-A9781121D427}.Release|Any CPU.ActiveCfg = Release|Any CPU
		{E3D56614-ADBD-4854-9163-A9781121D427}.Release|Any CPU.Build.0 = Release|Any CPU
		{66E7FABF-F091-4480-837A-974E5731B2DE}.Debug|Any CPU.ActiveCfg = Debug|Any CPU
		{66E7FABF-F091-4480-837A-974E5731B2DE}.Debug|Any CPU.Build.0 = Debug|Any CPU
		{66E7FABF-F091-4480-837A-974E5731B2DE}.Release|Any CPU.ActiveCfg = Release|Any CPU
		{66E7FABF-F091-4480-837A-974E5731B2DE}.Release|Any CPU.Build.0 = Release|Any CPU
		{CB0FBDBA-AD06-40FC-923B-579752C7CB78}.Debug|Any CPU.ActiveCfg = Debug|Any CPU
		{CB0FBDBA-AD06-40FC-923B-579752C7CB78}.Debug|Any CPU.Build.0 = Debug|Any CPU
		{CB0FBDBA-AD06-40FC-923B-579752C7CB78}.Release|Any CPU.ActiveCfg = Release|Any CPU
		{CB0FBDBA-AD06-40FC-923B-579752C7CB78}.Release|Any CPU.Build.0 = Release|Any CPU
		{182D194F-C1E0-4D66-8D6C-2992C1F6898D}.Debug|Any CPU.ActiveCfg = Debug|Any CPU
		{182D194F-C1E0-4D66-8D6C-2992C1F6898D}.Debug|Any CPU.Build.0 = Debug|Any CPU
		{182D194F-C1E0-4D66-8D6C-2992C1F6898D}.Release|Any CPU.ActiveCfg = Release|Any CPU
		{182D194F-C1E0-4D66-8D6C-2992C1F6898D}.Release|Any CPU.Build.0 = Release|Any CPU
		{82A19010-5967-444A-AFE0-336B87C67C1C}.Debug|Any CPU.ActiveCfg = Debug|Any CPU
		{82A19010-5967-444A-AFE0-336B87C67C1C}.Debug|Any CPU.Build.0 = Debug|Any CPU
		{82A19010-5967-444A-AFE0-336B87C67C1C}.Release|Any CPU.ActiveCfg = Release|Any CPU
		{82A19010-5967-444A-AFE0-336B87C67C1C}.Release|Any CPU.Build.0 = Release|Any CPU
		{5F6840A4-B7C0-4E7A-BD93-A64B66F0279D}.Debug|Any CPU.ActiveCfg = Debug|Any CPU
		{5F6840A4-B7C0-4E7A-BD93-A64B66F0279D}.Debug|Any CPU.Build.0 = Debug|Any CPU
		{5F6840A4-B7C0-4E7A-BD93-A64B66F0279D}.Release|Any CPU.ActiveCfg = Release|Any CPU
		{5F6840A4-B7C0-4E7A-BD93-A64B66F0279D}.Release|Any CPU.Build.0 = Release|Any CPU
		{97831125-9072-495B-8A37-EDE497F0B9DD}.Debug|Any CPU.ActiveCfg = Debug|Any CPU
		{97831125-9072-495B-8A37-EDE497F0B9DD}.Debug|Any CPU.Build.0 = Debug|Any CPU
		{97831125-9072-495B-8A37-EDE497F0B9DD}.Release|Any CPU.ActiveCfg = Release|Any CPU
		{97831125-9072-495B-8A37-EDE497F0B9DD}.Release|Any CPU.Build.0 = Release|Any CPU
		{CA35764B-833D-4657-AC0E-2D7518A817E5}.Debug|Any CPU.ActiveCfg = Debug|Any CPU
		{CA35764B-833D-4657-AC0E-2D7518A817E5}.Debug|Any CPU.Build.0 = Debug|Any CPU
		{CA35764B-833D-4657-AC0E-2D7518A817E5}.Release|Any CPU.ActiveCfg = Release|Any CPU
		{CA35764B-833D-4657-AC0E-2D7518A817E5}.Release|Any CPU.Build.0 = Release|Any CPU
		{AC1467DE-D54E-49F4-9C88-8AD1AF94BAA0}.Debug|Any CPU.ActiveCfg = Debug|Any CPU
		{AC1467DE-D54E-49F4-9C88-8AD1AF94BAA0}.Debug|Any CPU.Build.0 = Debug|Any CPU
		{AC1467DE-D54E-49F4-9C88-8AD1AF94BAA0}.Release|Any CPU.ActiveCfg = Release|Any CPU
		{AC1467DE-D54E-49F4-9C88-8AD1AF94BAA0}.Release|Any CPU.Build.0 = Release|Any CPU
		{E8C6902C-B8DE-460A-A231-7E77EA657506}.Debug|Any CPU.ActiveCfg = Debug|Any CPU
		{E8C6902C-B8DE-460A-A231-7E77EA657506}.Debug|Any CPU.Build.0 = Debug|Any CPU
		{E8C6902C-B8DE-460A-A231-7E77EA657506}.Release|Any CPU.ActiveCfg = Release|Any CPU
		{E8C6902C-B8DE-460A-A231-7E77EA657506}.Release|Any CPU.Build.0 = Release|Any CPU
		{CCB5F2B7-30FF-4D0E-82C2-A95EB7382870}.Debug|Any CPU.ActiveCfg = Debug|Any CPU
		{CCB5F2B7-30FF-4D0E-82C2-A95EB7382870}.Debug|Any CPU.Build.0 = Debug|Any CPU
		{CCB5F2B7-30FF-4D0E-82C2-A95EB7382870}.Release|Any CPU.ActiveCfg = Release|Any CPU
		{CCB5F2B7-30FF-4D0E-82C2-A95EB7382870}.Release|Any CPU.Build.0 = Release|Any CPU
		{C0CCE4F3-1CFE-4F0C-AA8F-69A8FA80408C}.Debug|Any CPU.ActiveCfg = Debug|Any CPU
		{C0CCE4F3-1CFE-4F0C-AA8F-69A8FA80408C}.Debug|Any CPU.Build.0 = Debug|Any CPU
		{C0CCE4F3-1CFE-4F0C-AA8F-69A8FA80408C}.Release|Any CPU.ActiveCfg = Release|Any CPU
		{C0CCE4F3-1CFE-4F0C-AA8F-69A8FA80408C}.Release|Any CPU.Build.0 = Release|Any CPU
		{5FCE388B-3F1B-4643-A28A-B0FAF31355C5}.Debug|Any CPU.ActiveCfg = Debug|Any CPU
		{5FCE388B-3F1B-4643-A28A-B0FAF31355C5}.Debug|Any CPU.Build.0 = Debug|Any CPU
		{5FCE388B-3F1B-4643-A28A-B0FAF31355C5}.Release|Any CPU.ActiveCfg = Release|Any CPU
		{5FCE388B-3F1B-4643-A28A-B0FAF31355C5}.Release|Any CPU.Build.0 = Release|Any CPU
		{FE618F9E-F290-495B-A6B4-7DE8CAC94D56}.Debug|Any CPU.ActiveCfg = Debug|Any CPU
		{FE618F9E-F290-495B-A6B4-7DE8CAC94D56}.Debug|Any CPU.Build.0 = Debug|Any CPU
		{FE618F9E-F290-495B-A6B4-7DE8CAC94D56}.Release|Any CPU.ActiveCfg = Release|Any CPU
		{FE618F9E-F290-495B-A6B4-7DE8CAC94D56}.Release|Any CPU.Build.0 = Release|Any CPU
		{F33FBDB3-31CD-4B9D-B8D3-80A98761CDD7}.Debug|Any CPU.ActiveCfg = Debug|Any CPU
		{F33FBDB3-31CD-4B9D-B8D3-80A98761CDD7}.Debug|Any CPU.Build.0 = Debug|Any CPU
		{F33FBDB3-31CD-4B9D-B8D3-80A98761CDD7}.Release|Any CPU.ActiveCfg = Release|Any CPU
		{F33FBDB3-31CD-4B9D-B8D3-80A98761CDD7}.Release|Any CPU.Build.0 = Release|Any CPU
		{B59B3A96-9696-4BFE-BCD0-DDD722516537}.Debug|Any CPU.ActiveCfg = Debug|Any CPU
		{B59B3A96-9696-4BFE-BCD0-DDD722516537}.Debug|Any CPU.Build.0 = Debug|Any CPU
		{B59B3A96-9696-4BFE-BCD0-DDD722516537}.Release|Any CPU.ActiveCfg = Release|Any CPU
		{B59B3A96-9696-4BFE-BCD0-DDD722516537}.Release|Any CPU.Build.0 = Release|Any CPU
	EndGlobalSection
	GlobalSection(SolutionProperties) = preSolution
		HideSolutionNode = FALSE
	EndGlobalSection
	GlobalSection(ExtensibilityGlobals) = postSolution
		SolutionGuid = {14DBA7C1-515D-4E41-9EAC-1442D9F8809E}
	EndGlobalSection
EndGlobal
