
Microsoft Visual Studio Solution File, Format Version 12.00
# Visual Studio Version 17
VisualStudioVersion = 17.2.32630.192
MinimumVisualStudioVersion = 10.0.40219.1
Project("{9A19103F-16F7-4668-BE54-9A1E7A4F7556}") = "F10Y.L0004.Construction", "F10Y.L0004.Construction\F10Y.L0004.Construction.csproj", "{A3F34953-0615-4AA1-A768-62EA0585215A}"
EndProject
Project("{9A19103F-16F7-4668-BE54-9A1E7A4F7556}") = "F10Y.L0004", "F10Y.L0004\F10Y.L0004.csproj", "{D3340A7D-DFD3-4814-A62F-DCB3FFBF1DD4}"
EndProject
Project("{2150E333-8FDC-42A3-9474-1A3956D46DE8}") = "_Dependencies", "_Dependencies", "{6356E2FA-37F3-4456-A2D1-40D927B11021}"
EndProject
Project("{9A19103F-16F7-4668-BE54-9A1E7A4F7556}") = "F10Y.L0000", "..\..\F10Y.L0000\source\F10Y.L0000\F10Y.L0000.csproj", "{89278648-F87F-48B0-B905-D1A4610B5FC7}"
EndProject
Project("{9A19103F-16F7-4668-BE54-9A1E7A4F7556}") = "F10Y.T0000", "..\..\F10Y.T0000\source\F10Y.T0000\F10Y.T0000.csproj", "{AD7885E2-E3D1-443A-AB51-0D70444543AA}"
EndProject
Project("{9A19103F-16F7-4668-BE54-9A1E7A4F7556}") = "F10Y.T0001", "..\..\F10Y.T0001\source\F10Y.T0001\F10Y.T0001.csproj", "{F5C18D41-1AA2-4B31-B111-A223492B4684}"
EndProject
Project("{9A19103F-16F7-4668-BE54-9A1E7A4F7556}") = "F10Y.T0002", "..\..\F10Y.T0002\source\F10Y.T0002\F10Y.T0002.csproj", "{D651B90F-17F9-4843-B456-5E385BC57FC6}"
EndProject
Project("{9A19103F-16F7-4668-BE54-9A1E7A4F7556}") = "F10Y.T0003", "..\..\F10Y.T0003\source\F10Y.T0003\F10Y.T0003.csproj", "{F8500BEC-056E-401F-B941-DA0EA410D640}"
EndProject
Project("{9A19103F-16F7-4668-BE54-9A1E7A4F7556}") = "F10Y.T0004", "..\..\F10Y.T0004\source\F10Y.T0004\F10Y.T0004.csproj", "{C7EF2FF3-EA86-4BA6-8FC0-EA49C2EC2E17}"
EndProject
Project("{9A19103F-16F7-4668-BE54-9A1E7A4F7556}") = "F10Y.T0011", "..\..\F10Y.T0011\source\F10Y.T0011\F10Y.T0011.csproj", "{BD0F8403-7A4E-41F7-A167-05538225D327}"
EndProject
Project("{9A19103F-16F7-4668-BE54-9A1E7A4F7556}") = "F10Y.Y0000", "..\..\F10Y.Y0000\source\F10Y.Y0000\F10Y.Y0000.csproj", "{446D2170-3AAF-490F-BF8A-6B1F378CC32F}"
EndProject
Project("{9A19103F-16F7-4668-BE54-9A1E7A4F7556}") = "F10Y.L0005", "..\..\F10Y.L0005\source\F10Y.L0005\F10Y.L0005.csproj", "{197AAFC1-EDB0-4E6B-BF89-1774026DED2B}"
EndProject
Project("{9A19103F-16F7-4668-BE54-9A1E7A4F7556}") = "F10Y.Z0002", "..\..\F10Y.Z0002\source\F10Y.Z0002\F10Y.Z0002.csproj", "{FC7A591B-0135-4D62-BD05-854494A6B1B2}"
EndProject
Global
	GlobalSection(NestedProjects) = preSolution
		{89278648-F87F-48B0-B905-D1A4610B5FC7} = {6356E2FA-37F3-4456-A2D1-40D927B11021}
		{AD7885E2-E3D1-443A-AB51-0D70444543AA} = {6356E2FA-37F3-4456-A2D1-40D927B11021}
		{F5C18D41-1AA2-4B31-B111-A223492B4684} = {6356E2FA-37F3-4456-A2D1-40D927B11021}
		{D651B90F-17F9-4843-B456-5E385BC57FC6} = {6356E2FA-37F3-4456-A2D1-40D927B11021}
		{F8500BEC-056E-401F-B941-DA0EA410D640} = {6356E2FA-37F3-4456-A2D1-40D927B11021}
		{C7EF2FF3-EA86-4BA6-8FC0-EA49C2EC2E17} = {6356E2FA-37F3-4456-A2D1-40D927B11021}
		{BD0F8403-7A4E-41F7-A167-05538225D327} = {6356E2FA-37F3-4456-A2D1-40D927B11021}
		{446D2170-3AAF-490F-BF8A-6B1F378CC32F} = {6356E2FA-37F3-4456-A2D1-40D927B11021}
		{197AAFC1-EDB0-4E6B-BF89-1774026DED2B} = {6356E2FA-37F3-4456-A2D1-40D927B11021}
		{FC7A591B-0135-4D62-BD05-854494A6B1B2} = {6356E2FA-37F3-4456-A2D1-40D927B11021}
	EndGlobalSection
	GlobalSection(SolutionConfigurationPlatforms) = preSolution
		Debug|Any CPU = Debug|Any CPU
		Release|Any CPU = Release|Any CPU
	EndGlobalSection
	GlobalSection(ProjectConfigurationPlatforms) = postSolution
		{A3F34953-0615-4AA1-A768-62EA0585215A}.Debug|Any CPU.ActiveCfg = Debug|Any CPU
		{A3F34953-0615-4AA1-A768-62EA0585215A}.Debug|Any CPU.Build.0 = Debug|Any CPU
		{A3F34953-0615-4AA1-A768-62EA0585215A}.Release|Any CPU.ActiveCfg = Release|Any CPU
		{A3F34953-0615-4AA1-A768-62EA0585215A}.Release|Any CPU.Build.0 = Release|Any CPU
		{D3340A7D-DFD3-4814-A62F-DCB3FFBF1DD4}.Debug|Any CPU.ActiveCfg = Debug|Any CPU
		{D3340A7D-DFD3-4814-A62F-DCB3FFBF1DD4}.Debug|Any CPU.Build.0 = Debug|Any CPU
		{D3340A7D-DFD3-4814-A62F-DCB3FFBF1DD4}.Release|Any CPU.ActiveCfg = Release|Any CPU
		{D3340A7D-DFD3-4814-A62F-DCB3FFBF1DD4}.Release|Any CPU.Build.0 = Release|Any CPU
		{89278648-F87F-48B0-B905-D1A4610B5FC7}.Debug|Any CPU.ActiveCfg = Debug|Any CPU
		{89278648-F87F-48B0-B905-D1A4610B5FC7}.Debug|Any CPU.Build.0 = Debug|Any CPU
		{89278648-F87F-48B0-B905-D1A4610B5FC7}.Release|Any CPU.ActiveCfg = Release|Any CPU
		{89278648-F87F-48B0-B905-D1A4610B5FC7}.Release|Any CPU.Build.0 = Release|Any CPU
		{AD7885E2-E3D1-443A-AB51-0D70444543AA}.Debug|Any CPU.ActiveCfg = Debug|Any CPU
		{AD7885E2-E3D1-443A-AB51-0D70444543AA}.Debug|Any CPU.Build.0 = Debug|Any CPU
		{AD7885E2-E3D1-443A-AB51-0D70444543AA}.Release|Any CPU.ActiveCfg = Release|Any CPU
		{AD7885E2-E3D1-443A-AB51-0D70444543AA}.Release|Any CPU.Build.0 = Release|Any CPU
		{F5C18D41-1AA2-4B31-B111-A223492B4684}.Debug|Any CPU.ActiveCfg = Debug|Any CPU
		{F5C18D41-1AA2-4B31-B111-A223492B4684}.Debug|Any CPU.Build.0 = Debug|Any CPU
		{F5C18D41-1AA2-4B31-B111-A223492B4684}.Release|Any CPU.ActiveCfg = Release|Any CPU
		{F5C18D41-1AA2-4B31-B111-A223492B4684}.Release|Any CPU.Build.0 = Release|Any CPU
		{D651B90F-17F9-4843-B456-5E385BC57FC6}.Debug|Any CPU.ActiveCfg = Debug|Any CPU
		{D651B90F-17F9-4843-B456-5E385BC57FC6}.Debug|Any CPU.Build.0 = Debug|Any CPU
		{D651B90F-17F9-4843-B456-5E385BC57FC6}.Release|Any CPU.ActiveCfg = Release|Any CPU
		{D651B90F-17F9-4843-B456-5E385BC57FC6}.Release|Any CPU.Build.0 = Release|Any CPU
		{F8500BEC-056E-401F-B941-DA0EA410D640}.Debug|Any CPU.ActiveCfg = Debug|Any CPU
		{F8500BEC-056E-401F-B941-DA0EA410D640}.Debug|Any CPU.Build.0 = Debug|Any CPU
		{F8500BEC-056E-401F-B941-DA0EA410D640}.Release|Any CPU.ActiveCfg = Release|Any CPU
		{F8500BEC-056E-401F-B941-DA0EA410D640}.Release|Any CPU.Build.0 = Release|Any CPU
		{C7EF2FF3-EA86-4BA6-8FC0-EA49C2EC2E17}.Debug|Any CPU.ActiveCfg = Debug|Any CPU
		{C7EF2FF3-EA86-4BA6-8FC0-EA49C2EC2E17}.Debug|Any CPU.Build.0 = Debug|Any CPU
		{C7EF2FF3-EA86-4BA6-8FC0-EA49C2EC2E17}.Release|Any CPU.ActiveCfg = Release|Any CPU
		{C7EF2FF3-EA86-4BA6-8FC0-EA49C2EC2E17}.Release|Any CPU.Build.0 = Release|Any CPU
		{BD0F8403-7A4E-41F7-A167-05538225D327}.Debug|Any CPU.ActiveCfg = Debug|Any CPU
		{BD0F8403-7A4E-41F7-A167-05538225D327}.Debug|Any CPU.Build.0 = Debug|Any CPU
		{BD0F8403-7A4E-41F7-A167-05538225D327}.Release|Any CPU.ActiveCfg = Release|Any CPU
		{BD0F8403-7A4E-41F7-A167-05538225D327}.Release|Any CPU.Build.0 = Release|Any CPU
		{446D2170-3AAF-490F-BF8A-6B1F378CC32F}.Debug|Any CPU.ActiveCfg = Debug|Any CPU
		{446D2170-3AAF-490F-BF8A-6B1F378CC32F}.Debug|Any CPU.Build.0 = Debug|Any CPU
		{446D2170-3AAF-490F-BF8A-6B1F378CC32F}.Release|Any CPU.ActiveCfg = Release|Any CPU
		{446D2170-3AAF-490F-BF8A-6B1F378CC32F}.Release|Any CPU.Build.0 = Release|Any CPU
		{197AAFC1-EDB0-4E6B-BF89-1774026DED2B}.Debug|Any CPU.ActiveCfg = Debug|Any CPU
		{197AAFC1-EDB0-4E6B-BF89-1774026DED2B}.Debug|Any CPU.Build.0 = Debug|Any CPU
		{197AAFC1-EDB0-4E6B-BF89-1774026DED2B}.Release|Any CPU.ActiveCfg = Release|Any CPU
		{197AAFC1-EDB0-4E6B-BF89-1774026DED2B}.Release|Any CPU.Build.0 = Release|Any CPU
		{FC7A591B-0135-4D62-BD05-854494A6B1B2}.Debug|Any CPU.ActiveCfg = Debug|Any CPU
		{FC7A591B-0135-4D62-BD05-854494A6B1B2}.Debug|Any CPU.Build.0 = Debug|Any CPU
		{FC7A591B-0135-4D62-BD05-854494A6B1B2}.Release|Any CPU.ActiveCfg = Release|Any CPU
		{FC7A591B-0135-4D62-BD05-854494A6B1B2}.Release|Any CPU.Build.0 = Release|Any CPU
	EndGlobalSection
	GlobalSection(SolutionProperties) = preSolution
		HideSolutionNode = FALSE
	EndGlobalSection
	GlobalSection(ExtensibilityGlobals) = postSolution
		SolutionGuid = {47F19771-906B-4FC0-B00A-0BA0EAAA91DF}
	EndGlobalSection
EndGlobal
