
Microsoft Visual Studio Solution File, Format Version 12.00
# Visual Studio Version 17
VisualStudioVersion = 17.2.32630.192
MinimumVisualStudioVersion = 10.0.40219.1
Project("{9A19103F-16F7-4668-BE54-9A1E7A4F7556}") = "F10Y.L0004", "F10Y.L0004\F10Y.L0004.csproj", "{7073333F-5339-4FB0-ABF6-9170B7C03B4E}"
EndProject
Global
	GlobalSection(SolutionConfigurationPlatforms) = preSolution
		Debug|Any CPU = Debug|Any CPU
		Release|Any CPU = Release|Any CPU
	EndGlobalSection
	GlobalSection(ProjectConfigurationPlatforms) = postSolution
		{7073333F-5339-4FB0-ABF6-9170B7C03B4E}.Debug|Any CPU.ActiveCfg = Debug|Any CPU
		{7073333F-5339-4FB0-ABF6-9170B7C03B4E}.Debug|Any CPU.Build.0 = Debug|Any CPU
		{7073333F-5339-4FB0-ABF6-9170B7C03B4E}.Release|Any CPU.ActiveCfg = Release|Any CPU
		{7073333F-5339-4FB0-ABF6-9170B7C03B4E}.Release|Any CPU.Build.0 = Release|Any CPU
	EndGlobalSection
	GlobalSection(SolutionProperties) = preSolution
		HideSolutionNode = FALSE
	EndGlobalSection
	GlobalSection(ExtensibilityGlobals) = postSolution
		SolutionGuid = {14DBA7C1-515D-4E41-9EAC-1442D9F8809E}
	EndGlobalSection
EndGlobal
