
Microsoft Visual Studio Solution File, Format Version 12.00
# Visual Studio Version 17
VisualStudioVersion = 17.2.32630.192
MinimumVisualStudioVersion = 10.0.40219.1
Project("{9A19103F-16F7-4668-BE54-9A1E7A4F7556}") = "F10Y.L0004.Construction", "F10Y.L0004.Construction\F10Y.L0004.Construction.csproj", "{A3F34953-0615-4AA1-A768-62EA0585215A}"
EndProject
Project("{9A19103F-16F7-4668-BE54-9A1E7A4F7556}") = "F10Y.L0004", "F10Y.L0004\F10Y.L0004.csproj", "{D3340A7D-DFD3-4814-A62F-DCB3FFBF1DD4}"
EndProject
Global
	GlobalSection(SolutionConfigurationPlatforms) = preSolution
		Debug|Any CPU = Debug|Any CPU
		Release|Any CPU = Release|Any CPU
	EndGlobalSection
	GlobalSection(ProjectConfigurationPlatforms) = postSolution
		{A3F34953-0615-4AA1-A768-62EA0585215A}.Debug|Any CPU.ActiveCfg = Debug|Any CPU
		{A3F34953-0615-4AA1-A768-62EA0585215A}.Debug|Any CPU.Build.0 = Debug|Any CPU
		{A3F34953-0615-4AA1-A768-62EA0585215A}.Release|Any CPU.ActiveCfg = Release|Any CPU
		{A3F34953-0615-4AA1-A768-62EA0585215A}.Release|Any CPU.Build.0 = Release|Any CPU
		{D3340A7D-DFD3-4814-A62F-DCB3FFBF1DD4}.Debug|Any CPU.ActiveCfg = Debug|Any CPU
		{D3340A7D-DFD3-4814-A62F-DCB3FFBF1DD4}.Debug|Any CPU.Build.0 = Debug|Any CPU
		{D3340A7D-DFD3-4814-A62F-DCB3FFBF1DD4}.Release|Any CPU.ActiveCfg = Release|Any CPU
		{D3340A7D-DFD3-4814-A62F-DCB3FFBF1DD4}.Release|Any CPU.Build.0 = Release|Any CPU
	EndGlobalSection
	GlobalSection(SolutionProperties) = preSolution
		HideSolutionNode = FALSE
	EndGlobalSection
	GlobalSection(ExtensibilityGlobals) = postSolution
		SolutionGuid = {47F19771-906B-4FC0-B00A-0BA0EAAA91DF}
	EndGlobalSection
EndGlobal
